// !$*UTF8*$!
{
	archiveVersion = 1;
	classes = {
	};
	objectVersion = 55;
	objects = {

/* Begin PBXBuildFile section */
		6012289728AD506000E7BC3C /* UIView+Extension.swift in Sources */ = {isa = PBXBuildFile; fileRef = 6012289628AD506000E7BC3C /* UIView+Extension.swift */; };
		602167DD286B5C0C00D5ED3F /* Controller+Extension.swift in Sources */ = {isa = PBXBuildFile; fileRef = 602167DC286B5C0C00D5ED3F /* Controller+Extension.swift */; };
		6024097A28885091006BDB78 /* Translations.swift in Sources */ = {isa = PBXBuildFile; fileRef = 6024097928885091006BDB78 /* Translations.swift */; };
		603BB3CC286CAAD9002B971F /* WeatherViewController.swift in Sources */ = {isa = PBXBuildFile; fileRef = 603BB3CB286CAAD9002B971F /* WeatherViewController.swift */; };
		604E02DC288586DE0016E6F6 /* Convertion.swift in Sources */ = {isa = PBXBuildFile; fileRef = 604E02DB288586DE0016E6F6 /* Convertion.swift */; };
		60504E5C2863613300EABD02 /* AppDelegate.swift in Sources */ = {isa = PBXBuildFile; fileRef = 60504E5B2863613300EABD02 /* AppDelegate.swift */; };
		60504E5E2863613300EABD02 /* SceneDelegate.swift in Sources */ = {isa = PBXBuildFile; fileRef = 60504E5D2863613300EABD02 /* SceneDelegate.swift */; };
		60504E632863613300EABD02 /* Main.storyboard in Resources */ = {isa = PBXBuildFile; fileRef = 60504E612863613300EABD02 /* Main.storyboard */; };
		60504E652863613400EABD02 /* Assets.xcassets in Resources */ = {isa = PBXBuildFile; fileRef = 60504E642863613400EABD02 /* Assets.xcassets */; };
		60504E682863613400EABD02 /* LaunchScreen.storyboard in Resources */ = {isa = PBXBuildFile; fileRef = 60504E662863613400EABD02 /* LaunchScreen.storyboard */; };
		60504E732863613400EABD02 /* MonBaluchonTests.swift in Sources */ = {isa = PBXBuildFile; fileRef = 60504E722863613400EABD02 /* MonBaluchonTests.swift */; };
		60504E7D2863613400EABD02 /* MonBaluchonUITests.swift in Sources */ = {isa = PBXBuildFile; fileRef = 60504E7C2863613400EABD02 /* MonBaluchonUITests.swift */; };
		60504E7F2863613400EABD02 /* MonBaluchonUITestsLaunchTests.swift in Sources */ = {isa = PBXBuildFile; fileRef = 60504E7E2863613400EABD02 /* MonBaluchonUITestsLaunchTests.swift */; };
		60504E912865BD3C00EABD02 /* ExchangeViewController.swift in Sources */ = {isa = PBXBuildFile; fileRef = 60504E902865BD3C00EABD02 /* ExchangeViewController.swift */; };
		6057BB0328A0F38900E0020F /* APIErrors.swift in Sources */ = {isa = PBXBuildFile; fileRef = 6057BB0228A0F38900E0020F /* APIErrors.swift */; };
		605D042128A3F49B0072177B /* Weathers.json in Resources */ = {isa = PBXBuildFile; fileRef = 605D042028A3F49B0072177B /* Weathers.json */; };
		605D042328A3F4EF0072177B /* FakeWeatherResponseData.swift in Sources */ = {isa = PBXBuildFile; fileRef = 605D042228A3F4EF0072177B /* FakeWeatherResponseData.swift */; };
		605D042528A3F9800072177B /* URLSessionFake.swift in Sources */ = {isa = PBXBuildFile; fileRef = 605D042428A3F9800072177B /* URLSessionFake.swift */; };
		6071E9A828ACE3B900B94B46 /* UITextView+Extension.swift in Sources */ = {isa = PBXBuildFile; fileRef = 6071E9A728ACE3B900B94B46 /* UITextView+Extension.swift */; };
		6071E9AA28ACE56400B94B46 /* UITextField+Extension.swift in Sources */ = {isa = PBXBuildFile; fileRef = 6071E9A928ACE56400B94B46 /* UITextField+Extension.swift */; };
		6071E9AC28ACE93F00B94B46 /* Colors+Extension.swift in Sources */ = {isa = PBXBuildFile; fileRef = 6071E9AB28ACE93F00B94B46 /* Colors+Extension.swift */; };
		60742FD528918AED00C99A7E /* WeatherService.swift in Sources */ = {isa = PBXBuildFile; fileRef = 60742FD428918AED00C99A7E /* WeatherService.swift */; };
		60742FD72891903300C99A7E /* Weathers.swift in Sources */ = {isa = PBXBuildFile; fileRef = 60742FD62891903300C99A7E /* Weathers.swift */; };
		608973D42887055400758C31 /* Languages.swift in Sources */ = {isa = PBXBuildFile; fileRef = 608973D32887055400758C31 /* Languages.swift */; };
		608973D62887069300758C31 /* LanguagesService.swift in Sources */ = {isa = PBXBuildFile; fileRef = 608973D52887069300758C31 /* LanguagesService.swift */; };
		60A18B6A28B5351B00B06B63 /* TranslationsErrors.swift in Sources */ = {isa = PBXBuildFile; fileRef = 60A18B6928B5351B00B06B63 /* TranslationsErrors.swift */; };
		60A18B6C28B5365300B06B63 /* WeathersErrors.swift in Sources */ = {isa = PBXBuildFile; fileRef = 60A18B6B28B5365300B06B63 /* WeathersErrors.swift */; };
		60A18B6E28B5369D00B06B63 /* ExchangeErrors.swift in Sources */ = {isa = PBXBuildFile; fileRef = 60A18B6D28B5369D00B06B63 /* ExchangeErrors.swift */; };
		60A48AB828AE2CE1004A3BD7 /* Symbols.json in Resources */ = {isa = PBXBuildFile; fileRef = 60A48AB728AE2CE1004A3BD7 /* Symbols.json */; };
		60A48ABA28AE2D6A004A3BD7 /* Convertion.json in Resources */ = {isa = PBXBuildFile; fileRef = 60A48AB928AE2D6A004A3BD7 /* Convertion.json */; };
		60A48ABC28AE2DA0004A3BD7 /* FakeSymbolsResponseData.swift in Sources */ = {isa = PBXBuildFile; fileRef = 60A48ABB28AE2DA0004A3BD7 /* FakeSymbolsResponseData.swift */; };
		60A48ABE28AE2DF5004A3BD7 /* FakeConvertionResponseData.swift in Sources */ = {isa = PBXBuildFile; fileRef = 60A48ABD28AE2DF5004A3BD7 /* FakeConvertionResponseData.swift */; };
		60BF389128B4B54A00E1A734 /* Languages.json in Resources */ = {isa = PBXBuildFile; fileRef = 60BF389028B4B54A00E1A734 /* Languages.json */; };
		60BF389328B4B5FC00E1A734 /* Translations.json in Resources */ = {isa = PBXBuildFile; fileRef = 60BF389228B4B5FC00E1A734 /* Translations.json */; };
		60BF389528B4B65C00E1A734 /* FakeLanguagesResponseData.swift in Sources */ = {isa = PBXBuildFile; fileRef = 60BF389428B4B65C00E1A734 /* FakeLanguagesResponseData.swift */; };
		60BF389728B4B6C500E1A734 /* FakeTranslationsResponseData.swift in Sources */ = {isa = PBXBuildFile; fileRef = 60BF389628B4B6C500E1A734 /* FakeTranslationsResponseData.swift */; };
		60CF4E122881BA3B001059ED /* CurrenciesService.swift in Sources */ = {isa = PBXBuildFile; fileRef = 60CF4E112881BA3B001059ED /* CurrenciesService.swift */; };
		60CF4E142881BE9F001059ED /* Symbols.swift in Sources */ = {isa = PBXBuildFile; fileRef = 60CF4E132881BE9F001059ED /* Symbols.swift */; };
		60FE7DC6286B537A002933E8 /* TranslationHelperViewController.swift in Sources */ = {isa = PBXBuildFile; fileRef = 60FE7DC5286B537A002933E8 /* TranslationHelperViewController.swift */; };
/* End PBXBuildFile section */

/* Begin PBXContainerItemProxy section */
		60504E6F2863613400EABD02 /* PBXContainerItemProxy */ = {
			isa = PBXContainerItemProxy;
			containerPortal = 60504E502863613300EABD02 /* Project object */;
			proxyType = 1;
			remoteGlobalIDString = 60504E572863613300EABD02;
			remoteInfo = MonBaluchon;
		};
		60504E792863613400EABD02 /* PBXContainerItemProxy */ = {
			isa = PBXContainerItemProxy;
			containerPortal = 60504E502863613300EABD02 /* Project object */;
			proxyType = 1;
			remoteGlobalIDString = 60504E572863613300EABD02;
			remoteInfo = MonBaluchon;
		};
/* End PBXContainerItemProxy section */

/* Begin PBXFileReference section */
		6012289628AD506000E7BC3C /* UIView+Extension.swift */ = {isa = PBXFileReference; lastKnownFileType = sourcecode.swift; path = "UIView+Extension.swift"; sourceTree = "<group>"; };
		602167DC286B5C0C00D5ED3F /* Controller+Extension.swift */ = {isa = PBXFileReference; lastKnownFileType = sourcecode.swift; path = "Controller+Extension.swift"; sourceTree = "<group>"; };
		6024097928885091006BDB78 /* Translations.swift */ = {isa = PBXFileReference; lastKnownFileType = sourcecode.swift; path = Translations.swift; sourceTree = "<group>"; };
		603BB3CB286CAAD9002B971F /* WeatherViewController.swift */ = {isa = PBXFileReference; lastKnownFileType = sourcecode.swift; path = WeatherViewController.swift; sourceTree = "<group>"; };
		604E02DB288586DE0016E6F6 /* Convertion.swift */ = {isa = PBXFileReference; lastKnownFileType = sourcecode.swift; path = Convertion.swift; sourceTree = "<group>"; };
		60504E582863613300EABD02 /* MonBaluchon.app */ = {isa = PBXFileReference; explicitFileType = wrapper.application; includeInIndex = 0; path = MonBaluchon.app; sourceTree = BUILT_PRODUCTS_DIR; };
		60504E5B2863613300EABD02 /* AppDelegate.swift */ = {isa = PBXFileReference; lastKnownFileType = sourcecode.swift; path = AppDelegate.swift; sourceTree = "<group>"; };
		60504E5D2863613300EABD02 /* SceneDelegate.swift */ = {isa = PBXFileReference; lastKnownFileType = sourcecode.swift; path = SceneDelegate.swift; sourceTree = "<group>"; };
		60504E622863613300EABD02 /* Base */ = {isa = PBXFileReference; lastKnownFileType = file.storyboard; name = Base; path = Base.lproj/Main.storyboard; sourceTree = "<group>"; };
		60504E642863613400EABD02 /* Assets.xcassets */ = {isa = PBXFileReference; lastKnownFileType = folder.assetcatalog; path = Assets.xcassets; sourceTree = "<group>"; };
		60504E672863613400EABD02 /* Base */ = {isa = PBXFileReference; lastKnownFileType = file.storyboard; name = Base; path = Base.lproj/LaunchScreen.storyboard; sourceTree = "<group>"; };
		60504E692863613400EABD02 /* Info.plist */ = {isa = PBXFileReference; lastKnownFileType = text.plist.xml; path = Info.plist; sourceTree = "<group>"; };
		60504E6E2863613400EABD02 /* MonBaluchonTests.xctest */ = {isa = PBXFileReference; explicitFileType = wrapper.cfbundle; includeInIndex = 0; path = MonBaluchonTests.xctest; sourceTree = BUILT_PRODUCTS_DIR; };
		60504E722863613400EABD02 /* MonBaluchonTests.swift */ = {isa = PBXFileReference; lastKnownFileType = sourcecode.swift; path = MonBaluchonTests.swift; sourceTree = "<group>"; };
		60504E782863613400EABD02 /* MonBaluchonUITests.xctest */ = {isa = PBXFileReference; explicitFileType = wrapper.cfbundle; includeInIndex = 0; path = MonBaluchonUITests.xctest; sourceTree = BUILT_PRODUCTS_DIR; };
		60504E7C2863613400EABD02 /* MonBaluchonUITests.swift */ = {isa = PBXFileReference; lastKnownFileType = sourcecode.swift; path = MonBaluchonUITests.swift; sourceTree = "<group>"; };
		60504E7E2863613400EABD02 /* MonBaluchonUITestsLaunchTests.swift */ = {isa = PBXFileReference; lastKnownFileType = sourcecode.swift; path = MonBaluchonUITestsLaunchTests.swift; sourceTree = "<group>"; };
		60504E902865BD3C00EABD02 /* ExchangeViewController.swift */ = {isa = PBXFileReference; lastKnownFileType = sourcecode.swift; path = ExchangeViewController.swift; sourceTree = "<group>"; };
		6057BB0228A0F38900E0020F /* APIErrors.swift */ = {isa = PBXFileReference; lastKnownFileType = sourcecode.swift; path = APIErrors.swift; sourceTree = "<group>"; };
		605D042028A3F49B0072177B /* Weathers.json */ = {isa = PBXFileReference; lastKnownFileType = text.json; path = Weathers.json; sourceTree = "<group>"; };
		605D042228A3F4EF0072177B /* FakeWeatherResponseData.swift */ = {isa = PBXFileReference; lastKnownFileType = sourcecode.swift; path = FakeWeatherResponseData.swift; sourceTree = "<group>"; };
		605D042428A3F9800072177B /* URLSessionFake.swift */ = {isa = PBXFileReference; lastKnownFileType = sourcecode.swift; path = URLSessionFake.swift; sourceTree = "<group>"; };
		6071E9A728ACE3B900B94B46 /* UITextView+Extension.swift */ = {isa = PBXFileReference; lastKnownFileType = sourcecode.swift; path = "UITextView+Extension.swift"; sourceTree = "<group>"; };
		6071E9A928ACE56400B94B46 /* UITextField+Extension.swift */ = {isa = PBXFileReference; lastKnownFileType = sourcecode.swift; path = "UITextField+Extension.swift"; sourceTree = "<group>"; };
		6071E9AB28ACE93F00B94B46 /* Colors+Extension.swift */ = {isa = PBXFileReference; lastKnownFileType = sourcecode.swift; path = "Colors+Extension.swift"; sourceTree = "<group>"; };
		60742FD428918AED00C99A7E /* WeatherService.swift */ = {isa = PBXFileReference; lastKnownFileType = sourcecode.swift; path = WeatherService.swift; sourceTree = "<group>"; };
		60742FD62891903300C99A7E /* Weathers.swift */ = {isa = PBXFileReference; lastKnownFileType = sourcecode.swift; path = Weathers.swift; sourceTree = "<group>"; };
		608973D32887055400758C31 /* Languages.swift */ = {isa = PBXFileReference; lastKnownFileType = sourcecode.swift; path = Languages.swift; sourceTree = "<group>"; };
		608973D52887069300758C31 /* LanguagesService.swift */ = {isa = PBXFileReference; lastKnownFileType = sourcecode.swift; path = LanguagesService.swift; sourceTree = "<group>"; };
		60A18B6928B5351B00B06B63 /* TranslationsErrors.swift */ = {isa = PBXFileReference; lastKnownFileType = sourcecode.swift; path = TranslationsErrors.swift; sourceTree = "<group>"; };
		60A18B6B28B5365300B06B63 /* WeathersErrors.swift */ = {isa = PBXFileReference; lastKnownFileType = sourcecode.swift; path = WeathersErrors.swift; sourceTree = "<group>"; };
		60A18B6D28B5369D00B06B63 /* ExchangeErrors.swift */ = {isa = PBXFileReference; lastKnownFileType = sourcecode.swift; path = ExchangeErrors.swift; sourceTree = "<group>"; };
		60A48AB728AE2CE1004A3BD7 /* Symbols.json */ = {isa = PBXFileReference; lastKnownFileType = text.json; path = Symbols.json; sourceTree = "<group>"; };
		60A48AB928AE2D6A004A3BD7 /* Convertion.json */ = {isa = PBXFileReference; lastKnownFileType = text.json; path = Convertion.json; sourceTree = "<group>"; };
		60A48ABB28AE2DA0004A3BD7 /* FakeSymbolsResponseData.swift */ = {isa = PBXFileReference; lastKnownFileType = sourcecode.swift; path = FakeSymbolsResponseData.swift; sourceTree = "<group>"; };
		60A48ABD28AE2DF5004A3BD7 /* FakeConvertionResponseData.swift */ = {isa = PBXFileReference; lastKnownFileType = sourcecode.swift; path = FakeConvertionResponseData.swift; sourceTree = "<group>"; };
		60BF389028B4B54A00E1A734 /* Languages.json */ = {isa = PBXFileReference; lastKnownFileType = text.json; path = Languages.json; sourceTree = "<group>"; };
		60BF389228B4B5FC00E1A734 /* Translations.json */ = {isa = PBXFileReference; lastKnownFileType = text.json; path = Translations.json; sourceTree = "<group>"; };
		60BF389428B4B65C00E1A734 /* FakeLanguagesResponseData.swift */ = {isa = PBXFileReference; lastKnownFileType = sourcecode.swift; path = FakeLanguagesResponseData.swift; sourceTree = "<group>"; };
		60BF389628B4B6C500E1A734 /* FakeTranslationsResponseData.swift */ = {isa = PBXFileReference; lastKnownFileType = sourcecode.swift; path = FakeTranslationsResponseData.swift; sourceTree = "<group>"; };
		60CF4E112881BA3B001059ED /* CurrenciesService.swift */ = {isa = PBXFileReference; lastKnownFileType = sourcecode.swift; path = CurrenciesService.swift; sourceTree = "<group>"; };
		60CF4E132881BE9F001059ED /* Symbols.swift */ = {isa = PBXFileReference; lastKnownFileType = sourcecode.swift; path = Symbols.swift; sourceTree = "<group>"; };
		60FE7DC5286B537A002933E8 /* TranslationHelperViewController.swift */ = {isa = PBXFileReference; lastKnownFileType = sourcecode.swift; path = TranslationHelperViewController.swift; sourceTree = "<group>"; };
/* End PBXFileReference section */

/* Begin PBXFrameworksBuildPhase section */
		60504E552863613300EABD02 /* Frameworks */ = {
			isa = PBXFrameworksBuildPhase;
			buildActionMask = 2147483647;
			files = (
			);
			runOnlyForDeploymentPostprocessing = 0;
		};
		60504E6B2863613400EABD02 /* Frameworks */ = {
			isa = PBXFrameworksBuildPhase;
			buildActionMask = 2147483647;
			files = (
			);
			runOnlyForDeploymentPostprocessing = 0;
		};
		60504E752863613400EABD02 /* Frameworks */ = {
			isa = PBXFrameworksBuildPhase;
			buildActionMask = 2147483647;
			files = (
			);
			runOnlyForDeploymentPostprocessing = 0;
		};
/* End PBXFrameworksBuildPhase section */

/* Begin PBXGroup section */
		602167D9286B56D000D5ED3F /* Extensions */ = {
			isa = PBXGroup;
			children = (
				602167DC286B5C0C00D5ED3F /* Controller+Extension.swift */,
				6071E9A728ACE3B900B94B46 /* UITextView+Extension.swift */,
				6071E9A928ACE56400B94B46 /* UITextField+Extension.swift */,
				6071E9AB28ACE93F00B94B46 /* Colors+Extension.swift */,
				6012289628AD506000E7BC3C /* UIView+Extension.swift */,
			);
			path = Extensions;
			sourceTree = "<group>";
		};
		60504E4F2863613300EABD02 = {
			isa = PBXGroup;
			children = (
				60504E5A2863613300EABD02 /* MonBaluchon */,
				60504E712863613400EABD02 /* MonBaluchonTests */,
				60504E7B2863613400EABD02 /* MonBaluchonUITests */,
				60504E592863613300EABD02 /* Products */,
			);
			sourceTree = "<group>";
		};
		60504E592863613300EABD02 /* Products */ = {
			isa = PBXGroup;
			children = (
				60504E582863613300EABD02 /* MonBaluchon.app */,
				60504E6E2863613400EABD02 /* MonBaluchonTests.xctest */,
				60504E782863613400EABD02 /* MonBaluchonUITests.xctest */,
			);
			name = Products;
			sourceTree = "<group>";
		};
		60504E5A2863613300EABD02 /* MonBaluchon */ = {
			isa = PBXGroup;
			children = (
				6057BB0128A0F37900E0020F /* Errors */,
				602167D9286B56D000D5ED3F /* Extensions */,
				60504E8D2863623800EABD02 /* View */,
				60504E8C2863623000EABD02 /* Controller */,
				60504E8B2863622A00EABD02 /* Model */,
				60504E5B2863613300EABD02 /* AppDelegate.swift */,
				60504E5D2863613300EABD02 /* SceneDelegate.swift */,
				60504E692863613400EABD02 /* Info.plist */,
			);
			path = MonBaluchon;
			sourceTree = "<group>";
		};
		60504E712863613400EABD02 /* MonBaluchonTests */ = {
			isa = PBXGroup;
			children = (
				60BF389C28B4C1A400E1A734 /* Languages */,
				60BF389B28B4C19200E1A734 /* Convertion */,
				60BF389A28B4C18100E1A734 /* Translations */,
				60BF389928B4C17300E1A734 /* Symbols */,
				60BF389828B4C14400E1A734 /* Weathers */,
				60504E722863613400EABD02 /* MonBaluchonTests.swift */,
				605D042428A3F9800072177B /* URLSessionFake.swift */,
			);
			path = MonBaluchonTests;
			sourceTree = "<group>";
		};
		60504E7B2863613400EABD02 /* MonBaluchonUITests */ = {
			isa = PBXGroup;
			children = (
				60504E7C2863613400EABD02 /* MonBaluchonUITests.swift */,
				60504E7E2863613400EABD02 /* MonBaluchonUITestsLaunchTests.swift */,
			);
			path = MonBaluchonUITests;
			sourceTree = "<group>";
		};
		60504E8B2863622A00EABD02 /* Model */ = {
			isa = PBXGroup;
			children = (
				60CF4E132881BE9F001059ED /* Symbols.swift */,
				60CF4E102881BA25001059ED /* Services */,
				604E02DB288586DE0016E6F6 /* Convertion.swift */,
				608973D32887055400758C31 /* Languages.swift */,
				6024097928885091006BDB78 /* Translations.swift */,
				60742FD62891903300C99A7E /* Weathers.swift */,
			);
			path = Model;
			sourceTree = "<group>";
		};
		60504E8C2863623000EABD02 /* Controller */ = {
			isa = PBXGroup;
			children = (
				60504E902865BD3C00EABD02 /* ExchangeViewController.swift */,
				60FE7DC5286B537A002933E8 /* TranslationHelperViewController.swift */,
				603BB3CB286CAAD9002B971F /* WeatherViewController.swift */,
			);
			path = Controller;
			sourceTree = "<group>";
		};
		60504E8D2863623800EABD02 /* View */ = {
			isa = PBXGroup;
			children = (
				60504E612863613300EABD02 /* Main.storyboard */,
				60504E662863613400EABD02 /* LaunchScreen.storyboard */,
				60504E642863613400EABD02 /* Assets.xcassets */,
			);
			path = View;
			sourceTree = "<group>";
		};
		6057BB0128A0F37900E0020F /* Errors */ = {
			isa = PBXGroup;
			children = (
				6057BB0228A0F38900E0020F /* APIErrors.swift */,
				60A18B6928B5351B00B06B63 /* TranslationsErrors.swift */,
				60A18B6B28B5365300B06B63 /* WeathersErrors.swift */,
				60A18B6D28B5369D00B06B63 /* ExchangeErrors.swift */,
			);
			path = Errors;
			sourceTree = "<group>";
		};
		60BF389828B4C14400E1A734 /* Weathers */ = {
			isa = PBXGroup;
			children = (
				605D042028A3F49B0072177B /* Weathers.json */,
				605D042228A3F4EF0072177B /* FakeWeatherResponseData.swift */,
			);
			path = Weathers;
			sourceTree = "<group>";
		};
		60BF389928B4C17300E1A734 /* Symbols */ = {
			isa = PBXGroup;
			children = (
				60A48AB728AE2CE1004A3BD7 /* Symbols.json */,
				60A48ABB28AE2DA0004A3BD7 /* FakeSymbolsResponseData.swift */,
			);
			path = Symbols;
			sourceTree = "<group>";
		};
		60BF389A28B4C18100E1A734 /* Translations */ = {
			isa = PBXGroup;
			children = (
				60BF389228B4B5FC00E1A734 /* Translations.json */,
				60BF389628B4B6C500E1A734 /* FakeTranslationsResponseData.swift */,
			);
			path = Translations;
			sourceTree = "<group>";
		};
		60BF389B28B4C19200E1A734 /* Convertion */ = {
			isa = PBXGroup;
			children = (
				60A48ABD28AE2DF5004A3BD7 /* FakeConvertionResponseData.swift */,
				60A48AB928AE2D6A004A3BD7 /* Convertion.json */,
			);
			path = Convertion;
			sourceTree = "<group>";
		};
		60BF389C28B4C1A400E1A734 /* Languages */ = {
			isa = PBXGroup;
			children = (
				60BF389028B4B54A00E1A734 /* Languages.json */,
				60BF389428B4B65C00E1A734 /* FakeLanguagesResponseData.swift */,
			);
			path = Languages;
			sourceTree = "<group>";
		};
		60CF4E102881BA25001059ED /* Services */ = {
			isa = PBXGroup;
			children = (
				60CF4E112881BA3B001059ED /* CurrenciesService.swift */,
				608973D52887069300758C31 /* LanguagesService.swift */,
				60742FD428918AED00C99A7E /* WeatherService.swift */,
			);
			path = Services;
			sourceTree = "<group>";
		};
/* End PBXGroup section */

/* Begin PBXNativeTarget section */
		60504E572863613300EABD02 /* MonBaluchon */ = {
			isa = PBXNativeTarget;
			buildConfigurationList = 60504E822863613400EABD02 /* Build configuration list for PBXNativeTarget "MonBaluchon" */;
			buildPhases = (
				60504E542863613300EABD02 /* Sources */,
				60504E552863613300EABD02 /* Frameworks */,
				60504E562863613300EABD02 /* Resources */,
				601E6B2528ACF90F0022F46E /* ShellScript */,
			);
			buildRules = (
			);
			dependencies = (
			);
			name = MonBaluchon;
			productName = MonBaluchon;
			productReference = 60504E582863613300EABD02 /* MonBaluchon.app */;
			productType = "com.apple.product-type.application";
		};
		60504E6D2863613400EABD02 /* MonBaluchonTests */ = {
			isa = PBXNativeTarget;
			buildConfigurationList = 60504E852863613400EABD02 /* Build configuration list for PBXNativeTarget "MonBaluchonTests" */;
			buildPhases = (
				60504E6A2863613400EABD02 /* Sources */,
				60504E6B2863613400EABD02 /* Frameworks */,
				60504E6C2863613400EABD02 /* Resources */,
			);
			buildRules = (
			);
			dependencies = (
				60504E702863613400EABD02 /* PBXTargetDependency */,
			);
			name = MonBaluchonTests;
			productName = MonBaluchonTests;
			productReference = 60504E6E2863613400EABD02 /* MonBaluchonTests.xctest */;
			productType = "com.apple.product-type.bundle.unit-test";
		};
		60504E772863613400EABD02 /* MonBaluchonUITests */ = {
			isa = PBXNativeTarget;
			buildConfigurationList = 60504E882863613400EABD02 /* Build configuration list for PBXNativeTarget "MonBaluchonUITests" */;
			buildPhases = (
				60504E742863613400EABD02 /* Sources */,
				60504E752863613400EABD02 /* Frameworks */,
				60504E762863613400EABD02 /* Resources */,
			);
			buildRules = (
			);
			dependencies = (
				60504E7A2863613400EABD02 /* PBXTargetDependency */,
			);
			name = MonBaluchonUITests;
			productName = MonBaluchonUITests;
			productReference = 60504E782863613400EABD02 /* MonBaluchonUITests.xctest */;
			productType = "com.apple.product-type.bundle.ui-testing";
		};
/* End PBXNativeTarget section */

/* Begin PBXProject section */
		60504E502863613300EABD02 /* Project object */ = {
			isa = PBXProject;
			attributes = {
				BuildIndependentTargetsInParallel = 1;
				LastSwiftUpdateCheck = 1330;
				LastUpgradeCheck = 1330;
				TargetAttributes = {
					60504E572863613300EABD02 = {
						CreatedOnToolsVersion = 13.3.1;
					};
					60504E6D2863613400EABD02 = {
						CreatedOnToolsVersion = 13.3.1;
						TestTargetID = 60504E572863613300EABD02;
					};
					60504E772863613400EABD02 = {
						CreatedOnToolsVersion = 13.3.1;
					};
				};
			};
			buildConfigurationList = 60504E532863613300EABD02 /* Build configuration list for PBXProject "MonBaluchon" */;
			compatibilityVersion = "Xcode 13.0";
			developmentRegion = en;
			hasScannedForEncodings = 0;
			knownRegions = (
				en,
				Base,
			);
			mainGroup = 60504E4F2863613300EABD02;
			productRefGroup = 60504E592863613300EABD02 /* Products */;
			projectDirPath = "";
			projectRoot = "";
			targets = (
				60504E572863613300EABD02 /* MonBaluchon */,
				60504E6D2863613400EABD02 /* MonBaluchonTests */,
				60504E772863613400EABD02 /* MonBaluchonUITests */,
			);
		};
/* End PBXProject section */

/* Begin PBXResourcesBuildPhase section */
		60504E562863613300EABD02 /* Resources */ = {
			isa = PBXResourcesBuildPhase;
			buildActionMask = 2147483647;
			files = (
				60504E682863613400EABD02 /* LaunchScreen.storyboard in Resources */,
				60504E652863613400EABD02 /* Assets.xcassets in Resources */,
				60504E632863613300EABD02 /* Main.storyboard in Resources */,
			);
			runOnlyForDeploymentPostprocessing = 0;
		};
		60504E6C2863613400EABD02 /* Resources */ = {
			isa = PBXResourcesBuildPhase;
			buildActionMask = 2147483647;
			files = (
				605D042128A3F49B0072177B /* Weathers.json in Resources */,
				60BF389328B4B5FC00E1A734 /* Translations.json in Resources */,
				60BF389128B4B54A00E1A734 /* Languages.json in Resources */,
				60A48ABA28AE2D6A004A3BD7 /* Convertion.json in Resources */,
				60A48AB828AE2CE1004A3BD7 /* Symbols.json in Resources */,
			);
			runOnlyForDeploymentPostprocessing = 0;
		};
		60504E762863613400EABD02 /* Resources */ = {
			isa = PBXResourcesBuildPhase;
			buildActionMask = 2147483647;
			files = (
			);
			runOnlyForDeploymentPostprocessing = 0;
		};
/* End PBXResourcesBuildPhase section */

/* Begin PBXShellScriptBuildPhase section */
		601E6B2528ACF90F0022F46E /* ShellScript */ = {
			isa = PBXShellScriptBuildPhase;
			buildActionMask = 2147483647;
			files = (
			);
			inputFileListPaths = (
			);
			inputPaths = (
			);
			outputFileListPaths = (
			);
			outputPaths = (
			);
			runOnlyForDeploymentPostprocessing = 0;
			shellPath = /bin/sh;
			shellScript = "if which swiftlint >/dev/null; then\n    swiftlint\nelse\n    echo \"warning: SwiftLint not installed, download from https://github.com/realm/SwiftLint\"\nfi\n";
		};
/* End PBXShellScriptBuildPhase section */

/* Begin PBXSourcesBuildPhase section */
		60504E542863613300EABD02 /* Sources */ = {
			isa = PBXSourcesBuildPhase;
			buildActionMask = 2147483647;
			files = (
				60504E5C2863613300EABD02 /* AppDelegate.swift in Sources */,
				60504E912865BD3C00EABD02 /* ExchangeViewController.swift in Sources */,
				608973D62887069300758C31 /* LanguagesService.swift in Sources */,
				6057BB0328A0F38900E0020F /* APIErrors.swift in Sources */,
				602167DD286B5C0C00D5ED3F /* Controller+Extension.swift in Sources */,
				60504E5E2863613300EABD02 /* SceneDelegate.swift in Sources */,
				60A18B6C28B5365300B06B63 /* WeathersErrors.swift in Sources */,
				608973D42887055400758C31 /* Languages.swift in Sources */,
				60CF4E142881BE9F001059ED /* Symbols.swift in Sources */,
				6071E9AA28ACE56400B94B46 /* UITextField+Extension.swift in Sources */,
				6071E9AC28ACE93F00B94B46 /* Colors+Extension.swift in Sources */,
				603BB3CC286CAAD9002B971F /* WeatherViewController.swift in Sources */,
				60FE7DC6286B537A002933E8 /* TranslationHelperViewController.swift in Sources */,
				6012289728AD506000E7BC3C /* UIView+Extension.swift in Sources */,
				60742FD528918AED00C99A7E /* WeatherService.swift in Sources */,
				60742FD72891903300C99A7E /* Weathers.swift in Sources */,
				6024097A28885091006BDB78 /* Translations.swift in Sources */,
				60A18B6E28B5369D00B06B63 /* ExchangeErrors.swift in Sources */,
				604E02DC288586DE0016E6F6 /* Convertion.swift in Sources */,
				6071E9A828ACE3B900B94B46 /* UITextView+Extension.swift in Sources */,
				60A18B6A28B5351B00B06B63 /* TranslationsErrors.swift in Sources */,
				60CF4E122881BA3B001059ED /* CurrenciesService.swift in Sources */,
			);
			runOnlyForDeploymentPostprocessing = 0;
		};
		60504E6A2863613400EABD02 /* Sources */ = {
			isa = PBXSourcesBuildPhase;
			buildActionMask = 2147483647;
			files = (
				605D042328A3F4EF0072177B /* FakeWeatherResponseData.swift in Sources */,
				60BF389728B4B6C500E1A734 /* FakeTranslationsResponseData.swift in Sources */,
				60A48ABC28AE2DA0004A3BD7 /* FakeSymbolsResponseData.swift in Sources */,
				605D042528A3F9800072177B /* URLSessionFake.swift in Sources */,
				60BF389528B4B65C00E1A734 /* FakeLanguagesResponseData.swift in Sources */,
				60A48ABE28AE2DF5004A3BD7 /* FakeConvertionResponseData.swift in Sources */,
				60504E732863613400EABD02 /* MonBaluchonTests.swift in Sources */,
			);
			runOnlyForDeploymentPostprocessing = 0;
		};
		60504E742863613400EABD02 /* Sources */ = {
			isa = PBXSourcesBuildPhase;
			buildActionMask = 2147483647;
			files = (
				60504E7D2863613400EABD02 /* MonBaluchonUITests.swift in Sources */,
				60504E7F2863613400EABD02 /* MonBaluchonUITestsLaunchTests.swift in Sources */,
			);
			runOnlyForDeploymentPostprocessing = 0;
		};
/* End PBXSourcesBuildPhase section */

/* Begin PBXTargetDependency section */
		60504E702863613400EABD02 /* PBXTargetDependency */ = {
			isa = PBXTargetDependency;
			target = 60504E572863613300EABD02 /* MonBaluchon */;
			targetProxy = 60504E6F2863613400EABD02 /* PBXContainerItemProxy */;
		};
		60504E7A2863613400EABD02 /* PBXTargetDependency */ = {
			isa = PBXTargetDependency;
			target = 60504E572863613300EABD02 /* MonBaluchon */;
			targetProxy = 60504E792863613400EABD02 /* PBXContainerItemProxy */;
		};
/* End PBXTargetDependency section */

/* Begin PBXVariantGroup section */
		60504E612863613300EABD02 /* Main.storyboard */ = {
			isa = PBXVariantGroup;
			children = (
				60504E622863613300EABD02 /* Base */,
			);
			name = Main.storyboard;
			sourceTree = "<group>";
		};
		60504E662863613400EABD02 /* LaunchScreen.storyboard */ = {
			isa = PBXVariantGroup;
			children = (
				60504E672863613400EABD02 /* Base */,
			);
			name = LaunchScreen.storyboard;
			sourceTree = "<group>";
		};
/* End PBXVariantGroup section */

/* Begin XCBuildConfiguration section */
		60504E802863613400EABD02 /* Debug */ = {
			isa = XCBuildConfiguration;
			buildSettings = {
				ALWAYS_SEARCH_USER_PATHS = NO;
				CLANG_ANALYZER_NONNULL = YES;
				CLANG_ANALYZER_NUMBER_OBJECT_CONVERSION = YES_AGGRESSIVE;
				CLANG_CXX_LANGUAGE_STANDARD = "gnu++17";
				CLANG_ENABLE_MODULES = YES;
				CLANG_ENABLE_OBJC_ARC = YES;
				CLANG_ENABLE_OBJC_WEAK = YES;
				CLANG_WARN_BLOCK_CAPTURE_AUTORELEASING = YES;
				CLANG_WARN_BOOL_CONVERSION = YES;
				CLANG_WARN_COMMA = YES;
				CLANG_WARN_CONSTANT_CONVERSION = YES;
				CLANG_WARN_DEPRECATED_OBJC_IMPLEMENTATIONS = YES;
				CLANG_WARN_DIRECT_OBJC_ISA_USAGE = YES_ERROR;
				CLANG_WARN_DOCUMENTATION_COMMENTS = YES;
				CLANG_WARN_EMPTY_BODY = YES;
				CLANG_WARN_ENUM_CONVERSION = YES;
				CLANG_WARN_INFINITE_RECURSION = YES;
				CLANG_WARN_INT_CONVERSION = YES;
				CLANG_WARN_NON_LITERAL_NULL_CONVERSION = YES;
				CLANG_WARN_OBJC_IMPLICIT_RETAIN_SELF = YES;
				CLANG_WARN_OBJC_LITERAL_CONVERSION = YES;
				CLANG_WARN_OBJC_ROOT_CLASS = YES_ERROR;
				CLANG_WARN_QUOTED_INCLUDE_IN_FRAMEWORK_HEADER = YES;
				CLANG_WARN_RANGE_LOOP_ANALYSIS = YES;
				CLANG_WARN_STRICT_PROTOTYPES = YES;
				CLANG_WARN_SUSPICIOUS_MOVE = YES;
				CLANG_WARN_UNGUARDED_AVAILABILITY = YES_AGGRESSIVE;
				CLANG_WARN_UNREACHABLE_CODE = YES;
				CLANG_WARN__DUPLICATE_METHOD_MATCH = YES;
				COPY_PHASE_STRIP = NO;
				DEBUG_INFORMATION_FORMAT = dwarf;
				ENABLE_STRICT_OBJC_MSGSEND = YES;
				ENABLE_TESTABILITY = YES;
				GCC_C_LANGUAGE_STANDARD = gnu11;
				GCC_DYNAMIC_NO_PIC = NO;
				GCC_NO_COMMON_BLOCKS = YES;
				GCC_OPTIMIZATION_LEVEL = 0;
				GCC_PREPROCESSOR_DEFINITIONS = (
					"DEBUG=1",
					"$(inherited)",
				);
				GCC_WARN_64_TO_32_BIT_CONVERSION = YES;
				GCC_WARN_ABOUT_RETURN_TYPE = YES_ERROR;
				GCC_WARN_UNDECLARED_SELECTOR = YES;
				GCC_WARN_UNINITIALIZED_AUTOS = YES_AGGRESSIVE;
				GCC_WARN_UNUSED_FUNCTION = YES;
				GCC_WARN_UNUSED_VARIABLE = YES;
				IPHONEOS_DEPLOYMENT_TARGET = 15.0;
				MTL_ENABLE_DEBUG_INFO = INCLUDE_SOURCE;
				MTL_FAST_MATH = YES;
				ONLY_ACTIVE_ARCH = YES;
				SDKROOT = iphoneos;
				SWIFT_ACTIVE_COMPILATION_CONDITIONS = DEBUG;
				SWIFT_OPTIMIZATION_LEVEL = "-Onone";
			};
			name = Debug;
		};
		60504E812863613400EABD02 /* Release */ = {
			isa = XCBuildConfiguration;
			buildSettings = {
				ALWAYS_SEARCH_USER_PATHS = NO;
				CLANG_ANALYZER_NONNULL = YES;
				CLANG_ANALYZER_NUMBER_OBJECT_CONVERSION = YES_AGGRESSIVE;
				CLANG_CXX_LANGUAGE_STANDARD = "gnu++17";
				CLANG_ENABLE_MODULES = YES;
				CLANG_ENABLE_OBJC_ARC = YES;
				CLANG_ENABLE_OBJC_WEAK = YES;
				CLANG_WARN_BLOCK_CAPTURE_AUTORELEASING = YES;
				CLANG_WARN_BOOL_CONVERSION = YES;
				CLANG_WARN_COMMA = YES;
				CLANG_WARN_CONSTANT_CONVERSION = YES;
				CLANG_WARN_DEPRECATED_OBJC_IMPLEMENTATIONS = YES;
				CLANG_WARN_DIRECT_OBJC_ISA_USAGE = YES_ERROR;
				CLANG_WARN_DOCUMENTATION_COMMENTS = YES;
				CLANG_WARN_EMPTY_BODY = YES;
				CLANG_WARN_ENUM_CONVERSION = YES;
				CLANG_WARN_INFINITE_RECURSION = YES;
				CLANG_WARN_INT_CONVERSION = YES;
				CLANG_WARN_NON_LITERAL_NULL_CONVERSION = YES;
				CLANG_WARN_OBJC_IMPLICIT_RETAIN_SELF = YES;
				CLANG_WARN_OBJC_LITERAL_CONVERSION = YES;
				CLANG_WARN_OBJC_ROOT_CLASS = YES_ERROR;
				CLANG_WARN_QUOTED_INCLUDE_IN_FRAMEWORK_HEADER = YES;
				CLANG_WARN_RANGE_LOOP_ANALYSIS = YES;
				CLANG_WARN_STRICT_PROTOTYPES = YES;
				CLANG_WARN_SUSPICIOUS_MOVE = YES;
				CLANG_WARN_UNGUARDED_AVAILABILITY = YES_AGGRESSIVE;
				CLANG_WARN_UNREACHABLE_CODE = YES;
				CLANG_WARN__DUPLICATE_METHOD_MATCH = YES;
				COPY_PHASE_STRIP = NO;
				DEBUG_INFORMATION_FORMAT = "dwarf-with-dsym";
				ENABLE_NS_ASSERTIONS = NO;
				ENABLE_STRICT_OBJC_MSGSEND = YES;
				GCC_C_LANGUAGE_STANDARD = gnu11;
				GCC_NO_COMMON_BLOCKS = YES;
				GCC_WARN_64_TO_32_BIT_CONVERSION = YES;
				GCC_WARN_ABOUT_RETURN_TYPE = YES_ERROR;
				GCC_WARN_UNDECLARED_SELECTOR = YES;
				GCC_WARN_UNINITIALIZED_AUTOS = YES_AGGRESSIVE;
				GCC_WARN_UNUSED_FUNCTION = YES;
				GCC_WARN_UNUSED_VARIABLE = YES;
				IPHONEOS_DEPLOYMENT_TARGET = 15.0;
				MTL_ENABLE_DEBUG_INFO = NO;
				MTL_FAST_MATH = YES;
				SDKROOT = iphoneos;
				SWIFT_COMPILATION_MODE = wholemodule;
				SWIFT_OPTIMIZATION_LEVEL = "-O";
				VALIDATE_PRODUCT = YES;
			};
			name = Release;
		};
		60504E832863613400EABD02 /* Debug */ = {
			isa = XCBuildConfiguration;
			buildSettings = {
				ASSETCATALOG_COMPILER_APPICON_NAME = AppIcon;
				ASSETCATALOG_COMPILER_GLOBAL_ACCENT_COLOR_NAME = AccentColor;
				CODE_SIGN_STYLE = Automatic;
				CURRENT_PROJECT_VERSION = 1;
				DEVELOPMENT_TEAM = 4449N9T968;
				GENERATE_INFOPLIST_FILE = YES;
				INFOPLIST_FILE = MonBaluchon/Info.plist;
				INFOPLIST_KEY_UIApplicationSupportsIndirectInputEvents = YES;
				INFOPLIST_KEY_UILaunchStoryboardName = LaunchScreen;
				INFOPLIST_KEY_UIMainStoryboardFile = Main;
				INFOPLIST_KEY_UISupportedInterfaceOrientations = UIInterfaceOrientationPortrait;
				INFOPLIST_KEY_UISupportedInterfaceOrientations_iPad = "UIInterfaceOrientationPortrait UIInterfaceOrientationPortraitUpsideDown UIInterfaceOrientationLandscapeLeft UIInterfaceOrientationLandscapeRight";
				INFOPLIST_KEY_UISupportedInterfaceOrientations_iPhone = "UIInterfaceOrientationPortrait UIInterfaceOrientationLandscapeLeft UIInterfaceOrientationLandscapeRight";
				LD_RUNPATH_SEARCH_PATHS = (
					"$(inherited)",
					"@executable_path/Frameworks",
				);
				MARKETING_VERSION = 1.0;
				PRODUCT_BUNDLE_IDENTIFIER = TomF.MonBaluchon;
				PRODUCT_NAME = "$(TARGET_NAME)";
				SWIFT_EMIT_LOC_STRINGS = YES;
				SWIFT_VERSION = 5.0;
				TARGETED_DEVICE_FAMILY = 1;
			};
			name = Debug;
		};
		60504E842863613400EABD02 /* Release */ = {
			isa = XCBuildConfiguration;
			buildSettings = {
				ASSETCATALOG_COMPILER_APPICON_NAME = AppIcon;
				ASSETCATALOG_COMPILER_GLOBAL_ACCENT_COLOR_NAME = AccentColor;
				CODE_SIGN_STYLE = Automatic;
				CURRENT_PROJECT_VERSION = 1;
				DEVELOPMENT_TEAM = 4449N9T968;
				GENERATE_INFOPLIST_FILE = YES;
				INFOPLIST_FILE = MonBaluchon/Info.plist;
				INFOPLIST_KEY_UIApplicationSupportsIndirectInputEvents = YES;
				INFOPLIST_KEY_UILaunchStoryboardName = LaunchScreen;
				INFOPLIST_KEY_UIMainStoryboardFile = Main;
				INFOPLIST_KEY_UISupportedInterfaceOrientations = UIInterfaceOrientationPortrait;
				INFOPLIST_KEY_UISupportedInterfaceOrientations_iPad = "UIInterfaceOrientationPortrait UIInterfaceOrientationPortraitUpsideDown UIInterfaceOrientationLandscapeLeft UIInterfaceOrientationLandscapeRight";
				INFOPLIST_KEY_UISupportedInterfaceOrientations_iPhone = "UIInterfaceOrientationPortrait UIInterfaceOrientationLandscapeLeft UIInterfaceOrientationLandscapeRight";
				LD_RUNPATH_SEARCH_PATHS = (
					"$(inherited)",
					"@executable_path/Frameworks",
				);
				MARKETING_VERSION = 1.0;
				PRODUCT_BUNDLE_IDENTIFIER = TomF.MonBaluchon;
				PRODUCT_NAME = "$(TARGET_NAME)";
				SWIFT_EMIT_LOC_STRINGS = YES;
				SWIFT_VERSION = 5.0;
				TARGETED_DEVICE_FAMILY = 1;
			};
			name = Release;
		};
		60504E862863613400EABD02 /* Debug */ = {
			isa = XCBuildConfiguration;
			buildSettings = {
				ALWAYS_EMBED_SWIFT_STANDARD_LIBRARIES = YES;
				BUNDLE_LOADER = "$(TEST_HOST)";
				"CODE_SIGN_IDENTITY[sdk=iphoneos*]" = "Apple Development";
				CODE_SIGN_STYLE = Automatic;
				CURRENT_PROJECT_VERSION = 1;
				DEVELOPMENT_TEAM = 4449N9T968;
				GENERATE_INFOPLIST_FILE = YES;
				IPHONEOS_DEPLOYMENT_TARGET = 15.4;
				MARKETING_VERSION = 1.0;
				PRODUCT_BUNDLE_IDENTIFIER = TomF.MonBaluchonTests;
				PRODUCT_NAME = "$(TARGET_NAME)";
				SWIFT_EMIT_LOC_STRINGS = NO;
				SWIFT_VERSION = 5.0;
				TARGETED_DEVICE_FAMILY = "1,2";
				TEST_HOST = "$(BUILT_PRODUCTS_DIR)/MonBaluchon.app/MonBaluchon";
			};
			name = Debug;
		};
		60504E872863613400EABD02 /* Release */ = {
			isa = XCBuildConfiguration;
			buildSettings = {
				ALWAYS_EMBED_SWIFT_STANDARD_LIBRARIES = YES;
				BUNDLE_LOADER = "$(TEST_HOST)";
				"CODE_SIGN_IDENTITY[sdk=iphoneos*]" = "Apple Development";
				CODE_SIGN_STYLE = Automatic;
				CURRENT_PROJECT_VERSION = 1;
				DEVELOPMENT_TEAM = 4449N9T968;
				GENERATE_INFOPLIST_FILE = YES;
				IPHONEOS_DEPLOYMENT_TARGET = 15.4;
				MARKETING_VERSION = 1.0;
				PRODUCT_BUNDLE_IDENTIFIER = TomF.MonBaluchonTests;
				PRODUCT_NAME = "$(TARGET_NAME)";
				SWIFT_EMIT_LOC_STRINGS = NO;
				SWIFT_VERSION = 5.0;
				TARGETED_DEVICE_FAMILY = "1,2";
				TEST_HOST = "$(BUILT_PRODUCTS_DIR)/MonBaluchon.app/MonBaluchon";
			};
			name = Release;
		};
		60504E892863613400EABD02 /* Debug */ = {
			isa = XCBuildConfiguration;
			buildSettings = {
				ALWAYS_EMBED_SWIFT_STANDARD_LIBRARIES = YES;
				CODE_SIGN_STYLE = Automatic;
				CURRENT_PROJECT_VERSION = 1;
				DEVELOPMENT_TEAM = 4449N9T968;
				GENERATE_INFOPLIST_FILE = YES;
				MARKETING_VERSION = 1.0;
				PRODUCT_BUNDLE_IDENTIFIER = TomF.MonBaluchonUITests;
				PRODUCT_NAME = "$(TARGET_NAME)";
				PROVISIONING_PROFILE = "";
				SWIFT_EMIT_LOC_STRINGS = NO;
				SWIFT_VERSION = 5.0;
				TARGETED_DEVICE_FAMILY = "1,2";
			};
			name = Debug;
		};
		60504E8A2863613400EABD02 /* Release */ = {
			isa = XCBuildConfiguration;
			buildSettings = {
				ALWAYS_EMBED_SWIFT_STANDARD_LIBRARIES = YES;
				CODE_SIGN_STYLE = Automatic;
				CURRENT_PROJECT_VERSION = 1;
				DEVELOPMENT_TEAM = 4449N9T968;
				GENERATE_INFOPLIST_FILE = YES;
				MARKETING_VERSION = 1.0;
				PRODUCT_BUNDLE_IDENTIFIER = TomF.MonBaluchonUITests;
				PRODUCT_NAME = "$(TARGET_NAME)";
				PROVISIONING_PROFILE = "";
				SWIFT_EMIT_LOC_STRINGS = NO;
				SWIFT_VERSION = 5.0;
				TARGETED_DEVICE_FAMILY = "1,2";
			};
			name = Release;
		};
/* End XCBuildConfiguration section */

/* Begin XCConfigurationList section */
		60504E532863613300EABD02 /* Build configuration list for PBXProject "MonBaluchon" */ = {
			isa = XCConfigurationList;
			buildConfigurations = (
				60504E802863613400EABD02 /* Debug */,
				60504E812863613400EABD02 /* Release */,
			);
			defaultConfigurationIsVisible = 0;
			defaultConfigurationName = Release;
		};
		60504E822863613400EABD02 /* Build configuration list for PBXNativeTarget "MonBaluchon" */ = {
			isa = XCConfigurationList;
			buildConfigurations = (
				60504E832863613400EABD02 /* Debug */,
				60504E842863613400EABD02 /* Release */,
			);
			defaultConfigurationIsVisible = 0;
			defaultConfigurationName = Release;
		};
		60504E852863613400EABD02 /* Build configuration list for PBXNativeTarget "MonBaluchonTests" */ = {
			isa = XCConfigurationList;
			buildConfigurations = (
				60504E862863613400EABD02 /* Debug */,
				60504E872863613400EABD02 /* Release */,
			);
			defaultConfigurationIsVisible = 0;
			defaultConfigurationName = Release;
		};
		60504E882863613400EABD02 /* Build configuration list for PBXNativeTarget "MonBaluchonUITests" */ = {
			isa = XCConfigurationList;
			buildConfigurations = (
				60504E892863613400EABD02 /* Debug */,
				60504E8A2863613400EABD02 /* Release */,
			);
			defaultConfigurationIsVisible = 0;
			defaultConfigurationName = Release;
		};
/* End XCConfigurationList section */
	};
	rootObject = 60504E502863613300EABD02 /* Project object */;
}
